
Microsoft Visual Studio Solution File, Format Version 9.00
# Visual C++ Express 2005
Project("{8BC9CEB8-8B4A-11D0-8D11-00A0C91BC942}") = "newmat", "newmat\newmat.vcproj", "{8ECF53EB-FC6C-40F9-961E-6611992D29C8}"
EndProject
Project("{8BC9CEB8-8B4A-11D0-8D11-00A0C91BC942}") = "cctbx", "cctbx\cctbx.vcproj", "{D8E557F4-1838-4E64-A5C4-797338DA28D3}"
EndProject
Project("{8BC9CEB8-8B4A-11D0-8D11-00A0C91BC942}") = "Fox", "src\Fox.vcproj", "{49D0D342-DE29-4270-AFA1-032247DB2E7F}"
	ProjectSection(ProjectDependencies) = postProject
		{8ECF53EB-FC6C-40F9-961E-6611992D29C8} = {8ECF53EB-FC6C-40F9-961E-6611992D29C8}
		{D8E557F4-1838-4E64-A5C4-797338DA28D3} = {D8E557F4-1838-4E64-A5C4-797338DA28D3}
	EndProjectSection
EndProject
Global
	GlobalSection(SolutionConfigurationPlatforms) = preSolution
		Debug|Win32 = Debug|Win32
		Release|Win32 = Release|Win32
	EndGlobalSection
	GlobalSection(ProjectConfigurationPlatforms) = postSolution
		{8ECF53EB-FC6C-40F9-961E-6611992D29C8}.Debug|Win32.ActiveCfg = Debug|Win32
		{8ECF53EB-FC6C-40F9-961E-6611992D29C8}.Debug|Win32.Build.0 = Debug|Win32
		{8ECF53EB-FC6C-40F9-961E-6611992D29C8}.Release|Win32.ActiveCfg = Release|Win32
		{8ECF53EB-FC6C-40F9-961E-6611992D29C8}.Release|Win32.Build.0 = Release|Win32
		{D8E557F4-1838-4E64-A5C4-797338DA28D3}.Debug|Win32.ActiveCfg = Debug|Win32
		{D8E557F4-1838-4E64-A5C4-797338DA28D3}.Debug|Win32.Build.0 = Debug|Win32
		{D8E557F4-1838-4E64-A5C4-797338DA28D3}.Release|Win32.ActiveCfg = Release|Win32
		{D8E557F4-1838-4E64-A5C4-797338DA28D3}.Release|Win32.Build.0 = Release|Win32
		{49D0D342-DE29-4270-AFA1-032247DB2E7F}.Debug|Win32.ActiveCfg = Debug|Win32
		{49D0D342-DE29-4270-AFA1-032247DB2E7F}.Debug|Win32.Build.0 = Debug|Win32
		{49D0D342-DE29-4270-AFA1-032247DB2E7F}.Release|Win32.ActiveCfg = Release|Win32
		{49D0D342-DE29-4270-AFA1-032247DB2E7F}.Release|Win32.Build.0 = Release|Win32
	EndGlobalSection
	GlobalSection(SolutionProperties) = preSolution
		HideSolutionNode = FALSE
	EndGlobalSection
EndGlobal
