
Microsoft Visual Studio Solution File, Format Version 12.00
# Visual Studio Version 16
VisualStudioVersion = 16.0.30804.86
MinimumVisualStudioVersion = 10.0.40219.1
Project("{8BC9CEB8-8B4A-11D0-8D11-00A0C91BC942}") = "Fox", "Fox_vc12.vcxproj", "{2775CD9F-FFF3-4373-A229-94DD4B6D7747}"
	ProjectSection(ProjectDependencies) = postProject
		{BA6FA16F-837D-4869-90B9-44ACCD4EC001} = {BA6FA16F-837D-4869-90B9-44ACCD4EC001}
		{39353CCC-A61A-47C9-8C1F-30FA52D3A1A2} = {39353CCC-A61A-47C9-8C1F-30FA52D3A1A2}
	EndProjectSection
EndProject
Project("{8BC9CEB8-8B4A-11D0-8D11-00A0C91BC942}") = "newmat", "newmat_vc12.vcxproj", "{39353CCC-A61A-47C9-8C1F-30FA52D3A1A2}"
EndProject
Project("{8BC9CEB8-8B4A-11D0-8D11-00A0C91BC942}") = "cctbx", "cctbx_vc12.vcxproj", "{BA6FA16F-837D-4869-90B9-44ACCD4EC001}"
EndProject
Global
	GlobalSection(SolutionConfigurationPlatforms) = preSolution
		Debug|Win32 = Debug|Win32
		Release_XP_NoCOD|Win32 = Release_XP_NoCOD|Win32
		Release|Win32 = Release|Win32
	EndGlobalSection
	GlobalSection(ProjectConfigurationPlatforms) = postSolution
		{2775CD9F-FFF3-4373-A229-94DD4B6D7747}.Debug|Win32.ActiveCfg = Debug|Win32
		{2775CD9F-FFF3-4373-A229-94DD4B6D7747}.Debug|Win32.Build.0 = Debug|Win32
		{2775CD9F-FFF3-4373-A229-94DD4B6D7747}.Release_XP_NoCOD|Win32.ActiveCfg = Release_XP_NoCOD|Win32
		{2775CD9F-FFF3-4373-A229-94DD4B6D7747}.Release_XP_NoCOD|Win32.Build.0 = Release_XP_NoCOD|Win32
		{2775CD9F-FFF3-4373-A229-94DD4B6D7747}.Release|Win32.ActiveCfg = Release|Win32
		{2775CD9F-FFF3-4373-A229-94DD4B6D7747}.Release|Win32.Build.0 = Release|Win32
		{39353CCC-A61A-47C9-8C1F-30FA52D3A1A2}.Debug|Win32.ActiveCfg = Debug|Win32
		{39353CCC-A61A-47C9-8C1F-30FA52D3A1A2}.Debug|Win32.Build.0 = Debug|Win32
		{39353CCC-A61A-47C9-8C1F-30FA52D3A1A2}.Release_XP_NoCOD|Win32.ActiveCfg = Release_XP_NoCOD|Win32
		{39353CCC-A61A-47C9-8C1F-30FA52D3A1A2}.Release_XP_NoCOD|Win32.Build.0 = Release_XP_NoCOD|Win32
		{39353CCC-A61A-47C9-8C1F-30FA52D3A1A2}.Release|Win32.ActiveCfg = Release|Win32
		{39353CCC-A61A-47C9-8C1F-30FA52D3A1A2}.Release|Win32.Build.0 = Release|Win32
		{BA6FA16F-837D-4869-90B9-44ACCD4EC001}.Debug|Win32.ActiveCfg = Debug|Win32
		{BA6FA16F-837D-4869-90B9-44ACCD4EC001}.Debug|Win32.Build.0 = Debug|Win32
		{BA6FA16F-837D-4869-90B9-44ACCD4EC001}.Release_XP_NoCOD|Win32.ActiveCfg = Release_XP_NoCOD|Win32
		{BA6FA16F-837D-4869-90B9-44ACCD4EC001}.Release_XP_NoCOD|Win32.Build.0 = Release_XP_NoCOD|Win32
		{BA6FA16F-837D-4869-90B9-44ACCD4EC001}.Release|Win32.ActiveCfg = Release|Win32
		{BA6FA16F-837D-4869-90B9-44ACCD4EC001}.Release|Win32.Build.0 = Release|Win32
	EndGlobalSection
	GlobalSection(SolutionProperties) = preSolution
		HideSolutionNode = FALSE
	EndGlobalSection
	GlobalSection(ExtensibilityGlobals) = postSolution
		SolutionGuid = {92D2EBD0-0BED-4254-8D3C-BB238046D064}
	EndGlobalSection
EndGlobal
