<?xml version="1.0" encoding="utf-8"?>
<Project ToolsVersion="4.0" xmlns="http://schemas.microsoft.com/developer/msbuild/2003">
  <ItemGroup>
    <Filter Include="Source Files">
      <UniqueIdentifier>{4FC737F1-C7A5-4376-A066-2A32D752A2FF}</UniqueIdentifier>
      <Extensions>cpp;c;cc;cxx;def;odl;idl;hpj;bat;asm;asmx</Extensions>
    </Filter>
    <Filter Include="Header Files">
      <UniqueIdentifier>{93995380-89BD-4b04-88EB-625FBE52EBFB}</UniqueIdentifier>
      <Extensions>h;hh;hpp;hxx;hm;inl;inc;xsd</Extensions>
    </Filter>
    <Filter Include="Resource Files">
      <UniqueIdentifier>{67DA6AB6-F800-4c08-8B7A-83BB121AAD01}</UniqueIdentifier>
      <Extensions>rc;ico;cur;bmp;dlg;rc2;rct;bin;rgs;gif;jpg;jpeg;jpe;resx;tiff;tif;png;wav;mfcribbon-ms</Extensions>
    </Filter>
  </ItemGroup>
  <ItemGroup>
    <ClCompile Include="..\newmat\bandmat.cpp">
      <Filter>Source Files</Filter>
    </ClCompile>
    <ClCompile Include="..\newmat\cholesky.cpp">
      <Filter>Source Files</Filter>
    </ClCompile>
    <ClCompile Include="..\newmat\evalue.cpp">
      <Filter>Source Files</Filter>
    </ClCompile>
    <ClCompile Include="..\newmat\fft.cpp">
      <Filter>Source Files</Filter>
    </ClCompile>
    <ClCompile Include="..\newmat\hholder.cpp">
      <Filter>Source Files</Filter>
    </ClCompile>
    <ClCompile Include="..\newmat\jacobi.cpp">
      <Filter>Source Files</Filter>
    </ClCompile>
    <ClCompile Include="..\newmat\myexcept.cpp">
      <Filter>Source Files</Filter>
    </ClCompile>
    <ClCompile Include="..\newmat\newfft.cpp">
      <Filter>Source Files</Filter>
    </ClCompile>
    <ClCompile Include="..\newmat\newmat1.cpp">
      <Filter>Source Files</Filter>
    </ClCompile>
    <ClCompile Include="..\newmat\newmat2.cpp">
      <Filter>Source Files</Filter>
    </ClCompile>
    <ClCompile Include="..\newmat\newmat3.cpp">
      <Filter>Source Files</Filter>
    </ClCompile>
    <ClCompile Include="..\newmat\newmat4.cpp">
      <Filter>Source Files</Filter>
    </ClCompile>
    <ClCompile Include="..\newmat\newmat5.cpp">
      <Filter>Source Files</Filter>
    </ClCompile>
    <ClCompile Include="..\newmat\newmat6.cpp">
      <Filter>Source Files</Filter>
    </ClCompile>
    <ClCompile Include="..\newmat\newmat7.cpp">
      <Filter>Source Files</Filter>
    </ClCompile>
    <ClCompile Include="..\newmat\newmat8.cpp">
      <Filter>Source Files</Filter>
    </ClCompile>
    <ClCompile Include="..\newmat\newmat9.cpp">
      <Filter>Source Files</Filter>
    </ClCompile>
    <ClCompile Include="..\newmat\newmatex.cpp">
      <Filter>Source Files</Filter>
    </ClCompile>
    <ClCompile Include="..\newmat\newmatnl.cpp">
      <Filter>Source Files</Filter>
    </ClCompile>
    <ClCompile Include="..\newmat\newmatrm.cpp">
      <Filter>Source Files</Filter>
    </ClCompile>
    <ClCompile Include="..\newmat\nm_misc.cpp">
      <Filter>Source Files</Filter>
    </ClCompile>
    <ClCompile Include="..\newmat\solution.cpp">
      <Filter>Source Files</Filter>
    </ClCompile>
    <ClCompile Include="..\newmat\sort.cpp">
      <Filter>Source Files</Filter>
    </ClCompile>
    <ClCompile Include="..\newmat\submat.cpp">
      <Filter>Source Files</Filter>
    </ClCompile>
    <ClCompile Include="..\newmat\svd.cpp">
      <Filter>Source Files</Filter>
    </ClCompile>
  </ItemGroup>
  <ItemGroup>
    <ClInclude Include="..\newmat\include.h">
      <Filter>Header Files</Filter>
    </ClInclude>
    <ClInclude Include="..\newmat\myexcept.h">
      <Filter>Header Files</Filter>
    </ClInclude>
    <ClInclude Include="..\newmat\newmat.h">
      <Filter>Header Files</Filter>
    </ClInclude>
    <ClInclude Include="..\newmat\newmatap.h">
      <Filter>Header Files</Filter>
    </ClInclude>
    <ClInclude Include="..\newmat\newmatio.h">
      <Filter>Header Files</Filter>
    </ClInclude>
    <ClInclude Include="..\newmat\newmatnl.h">
      <Filter>Header Files</Filter>
    </ClInclude>
    <ClInclude Include="..\newmat\newmatrm.h">
      <Filter>Header Files</Filter>
    </ClInclude>
    <ClInclude Include="..\newmat\precisio.h">
      <Filter>Header Files</Filter>
    </ClInclude>
    <ClInclude Include="..\newmat\solution.h">
      <Filter>Header Files</Filter>
    </ClInclude>
  </ItemGroup>
</Project>